
Microsoft Visual Studio Solution File, Format Version 12.00
Project("{FAE04EC0-301F-11D3-BF4B-00C04F79EFBC}") = "Shell", "Shell.csproj", "{3689C40C-B93A-4A27-B871-8D55889023D1}"
EndProject
Global
	GlobalSection(SolutionConfigurationPlatforms) = preSolution
		Debug|Any CPU = Debug|Any CPU
		Release|Any CPU = Release|Any CPU
	EndGlobalSection
	GlobalSection(ProjectConfigurationPlatforms) = postSolution
		{3689C40C-B93A-4A27-B871-8D55889023D1}.Debug|Any CPU.ActiveCfg = Debug|Any CPU
		{3689C40C-B93A-4A27-B871-8D55889023D1}.Debug|Any CPU.Build.0 = Debug|Any CPU
		{3689C40C-B93A-4A27-B871-8D55889023D1}.Release|Any CPU.ActiveCfg = Release|Any CPU
		{3689C40C-B93A-4A27-B871-8D55889023D1}.Release|Any CPU.Build.0 = Release|Any CPU
	EndGlobalSection
EndGlobal
